schema: '2.0'
stages:
  preprocessing:
    cmd: python -m mlops.run_preprocess
    deps:
    - path: data/raw/
      hash: md5
      md5: b2807cb4b1ef341629dc8ed4e38c454c.dir
      size: 111584
      nfiles: 3
    - path: mlops/dataset.py
      hash: md5
      md5: 0afc6c2039ed0a9503a571db1c37b27a
      size: 5295
    - path: mlops/features.py
      hash: md5
      md5: 160b2a477f15dc3dc2667c7914899c59
      size: 9433
    - path: mlops/preprocess.py
      hash: md5
      md5: 9b32481dc54d9fa75a5d68a864cfa73c
      size: 2408
    - path: mlops/run_preprocess.py
      hash: md5
      md5: d029d851310b533a8855e1085f35e61e
      size: 865
    outs:
    - path: data/interim/student_interim_clean.csv
      hash: md5
      md5: 543d360ae22168dcca0348a5990b30be
      size: 57566
  training:
    cmd: python train/train_model_sre.py
    deps:
    - path: data/interim/student_interim_clean.csv
      hash: md5
      md5: 543d360ae22168dcca0348a5990b30be
      size: 57566
    - path: train/train_model_sre.py
      hash: md5
      md5: 5f8d696d2ef976f6a7a3c33bf51a51ec
      size: 12923
    outs:
    - path: reports/classification_report_latest.txt
      hash: md5
      md5: 680937252c280421772a09413c00acda
      size: 732
